
Microsoft Visual Studio Solution File, Format Version 12.00
# Visual Studio 14
VisualStudioVersion = 14.0.25420.1
MinimumVisualStudioVersion = 10.0.40219.1
Project("{FAE04EC0-301F-11D3-BF4B-00C04F79EFBC}") = "WebApi", "WebApi\WebApi.csproj", "{DDB0E28E-6DB1-47A5-84FE-EE18D5C12E5F}"
EndProject
Project("{FAE04EC0-301F-11D3-BF4B-00C04F79EFBC}") = "WebApi.Tests", "WebApi.Tests\WebApi.Tests.csproj", "{4E1643B7-C72E-491D-84C5-EFD4485F46C1}"
EndProject
Global
	GlobalSection(SolutionConfigurationPlatforms) = preSolution
		Debug|Any CPU = Debug|Any CPU
		Release|Any CPU = Release|Any CPU
	EndGlobalSection
	GlobalSection(ProjectConfigurationPlatforms) = postSolution
		{DDB0E28E-6DB1-47A5-84FE-EE18D5C12E5F}.Debug|Any CPU.ActiveCfg = Debug|Any CPU
		{DDB0E28E-6DB1-47A5-84FE-EE18D5C12E5F}.Debug|Any CPU.Build.0 = Debug|Any CPU
		{DDB0E28E-6DB1-47A5-84FE-EE18D5C12E5F}.Release|Any CPU.ActiveCfg = Release|Any CPU
		{DDB0E28E-6DB1-47A5-84FE-EE18D5C12E5F}.Release|Any CPU.Build.0 = Release|Any CPU
		{4E1643B7-C72E-491D-84C5-EFD4485F46C1}.Debug|Any CPU.ActiveCfg = Debug|Any CPU
		{4E1643B7-C72E-491D-84C5-EFD4485F46C1}.Debug|Any CPU.Build.0 = Debug|Any CPU
		{4E1643B7-C72E-491D-84C5-EFD4485F46C1}.Release|Any CPU.ActiveCfg = Release|Any CPU
		{4E1643B7-C72E-491D-84C5-EFD4485F46C1}.Release|Any CPU.Build.0 = Release|Any CPU
	EndGlobalSection
	GlobalSection(SolutionProperties) = preSolution
		HideSolutionNode = FALSE
	EndGlobalSection
EndGlobal
